// !$*UTF8*$!
{
	archiveVersion = 1;
	classes = {
	};
	objectVersion = 46;
	objects = {

/* Begin PBXBuildFile section */
		4837CF581DECAB5700EEADD2 /* AppDelegate.swift in Sources */ = {isa = PBXBuildFile; fileRef = 4837CF571DECAB5700EEADD2 /* AppDelegate.swift */; };
		4837CF5A1DECAB5700EEADD2 /* UniversidadVewController.swift in Sources */ = {isa = PBXBuildFile; fileRef = 4837CF591DECAB5700EEADD2 /* UniversidadVewController.swift */; };
		4837CF5D1DECAB5700EEADD2 /* Main.storyboard in Resources */ = {isa = PBXBuildFile; fileRef = 4837CF5B1DECAB5700EEADD2 /* Main.storyboard */; };
		4837CF5F1DECAB5700EEADD2 /* Assets.xcassets in Resources */ = {isa = PBXBuildFile; fileRef = 4837CF5E1DECAB5700EEADD2 /* Assets.xcassets */; };
		4837CF621DECAB5700EEADD2 /* LaunchScreen.storyboard in Resources */ = {isa = PBXBuildFile; fileRef = 4837CF601DECAB5700EEADD2 /* LaunchScreen.storyboard */; };
		4837CF6C1DECACC400EEADD2 /* GestorUniversidades.swift in Sources */ = {isa = PBXBuildFile; fileRef = 4837CF6B1DECACC400EEADD2 /* GestorUniversidades.swift */; };
		4837CF6E1DECACD000EEADD2 /* Universidad.swift in Sources */ = {isa = PBXBuildFile; fileRef = 4837CF6D1DECACD000EEADD2 /* Universidad.swift */; };
		4837CF711DECAF7900EEADD2 /* HttpClient.swift in Sources */ = {isa = PBXBuildFile; fileRef = 4837CF701DECAF7900EEADD2 /* HttpClient.swift */; };
		4837CF731DECDFE100EEADD2 /* UniversidadTableViewController.swift in Sources */ = {isa = PBXBuildFile; fileRef = 4837CF721DECDFE000EEADD2 /* UniversidadTableViewController.swift */; };
		4837CF7C1DED1A9800EEADD2 /* UniversidadTableViewCell.swift in Sources */ = {isa = PBXBuildFile; fileRef = 4837CF7A1DED19C800EEADD2 /* UniversidadTableViewCell.swift */; };
		484F7C4A1DEDF7940062D557 /* Estudiante.swift in Sources */ = {isa = PBXBuildFile; fileRef = 484F7C491DEDF7940062D557 /* Estudiante.swift */; };
		484F7C4C1DEDFE960062D557 /* EstudianteViewController.swift in Sources */ = {isa = PBXBuildFile; fileRef = 484F7C4B1DEDFE960062D557 /* EstudianteViewController.swift */; };
		484F7C4E1DEDFEEB0062D557 /* ProfesorViewController.swift in Sources */ = {isa = PBXBuildFile; fileRef = 484F7C4D1DEDFEEB0062D557 /* ProfesorViewController.swift */; };
		484F7C501DEDFF950062D557 /* ProgramaViewController.swift in Sources */ = {isa = PBXBuildFile; fileRef = 484F7C4F1DEDFF950062D557 /* ProgramaViewController.swift */; };
		484F7C521DEE00740062D557 /* AsignaturaViewController.swift in Sources */ = {isa = PBXBuildFile; fileRef = 484F7C511DEE00740062D557 /* AsignaturaViewController.swift */; };
		484F7C541DEE00870062D557 /* Programa.swift in Sources */ = {isa = PBXBuildFile; fileRef = 484F7C531DEE00870062D557 /* Programa.swift */; };
		484F7C561DEE00B50062D557 /* Profesor.swift in Sources */ = {isa = PBXBuildFile; fileRef = 484F7C551DEE00B50062D557 /* Profesor.swift */; };
		484F7C581DEE00F90062D557 /* Asignatura.swift in Sources */ = {isa = PBXBuildFile; fileRef = 484F7C571DEE00F90062D557 /* Asignatura.swift */; };
		484F7C5A1DEE01490062D557 /* EstudianteTableViewController.swift in Sources */ = {isa = PBXBuildFile; fileRef = 484F7C591DEE01490062D557 /* EstudianteTableViewController.swift */; };
		484F7C5C1DEE015B0062D557 /* ProfesorTableViewController.swift in Sources */ = {isa = PBXBuildFile; fileRef = 484F7C5B1DEE015B0062D557 /* ProfesorTableViewController.swift */; };
		484F7C5E1DEE01870062D557 /* ProgramaTableViewController.swift in Sources */ = {isa = PBXBuildFile; fileRef = 484F7C5D1DEE01870062D557 /* ProgramaTableViewController.swift */; };
		484F7C601DEE01950062D557 /* AsignaturaTableViewController.swift in Sources */ = {isa = PBXBuildFile; fileRef = 484F7C5F1DEE01950062D557 /* AsignaturaTableViewController.swift */; };
		484F7C621DEE01BA0062D557 /* EstudianteTableViewCell.swift in Sources */ = {isa = PBXBuildFile; fileRef = 484F7C611DEE01BA0062D557 /* EstudianteTableViewCell.swift */; };
		484F7C641DEE01C50062D557 /* ProfesorTableViewCell.swift in Sources */ = {isa = PBXBuildFile; fileRef = 484F7C631DEE01C50062D557 /* ProfesorTableViewCell.swift */; };
		484F7C661DEE01D10062D557 /* ProgramaTableViewCell.swift in Sources */ = {isa = PBXBuildFile; fileRef = 484F7C651DEE01D10062D557 /* ProgramaTableViewCell.swift */; };
		484F7C681DEE01DC0062D557 /* AsignaturaTableViewCell.swift in Sources */ = {isa = PBXBuildFile; fileRef = 484F7C671DEE01DC0062D557 /* AsignaturaTableViewCell.swift */; };
/* End PBXBuildFile section */

/* Begin PBXFileReference section */
		4837CF541DECAB5700EEADD2 /* MiProfesor.app */ = {isa = PBXFileReference; explicitFileType = wrapper.application; includeInIndex = 0; path = MiProfesor.app; sourceTree = BUILT_PRODUCTS_DIR; };
		4837CF571DECAB5700EEADD2 /* AppDelegate.swift */ = {isa = PBXFileReference; lastKnownFileType = sourcecode.swift; path = AppDelegate.swift; sourceTree = "<group>"; };
		4837CF591DECAB5700EEADD2 /* UniversidadVewController.swift */ = {isa = PBXFileReference; lastKnownFileType = sourcecode.swift; path = UniversidadVewController.swift; sourceTree = "<group>"; };
		4837CF5C1DECAB5700EEADD2 /* Base */ = {isa = PBXFileReference; lastKnownFileType = file.storyboard; name = Base; path = Base.lproj/Main.storyboard; sourceTree = "<group>"; };
		4837CF5E1DECAB5700EEADD2 /* Assets.xcassets */ = {isa = PBXFileReference; lastKnownFileType = folder.assetcatalog; path = Assets.xcassets; sourceTree = "<group>"; };
		4837CF611DECAB5700EEADD2 /* Base */ = {isa = PBXFileReference; lastKnownFileType = file.storyboard; name = Base; path = Base.lproj/LaunchScreen.storyboard; sourceTree = "<group>"; };
		4837CF631DECAB5700EEADD2 /* Info.plist */ = {isa = PBXFileReference; lastKnownFileType = text.plist.xml; path = Info.plist; sourceTree = "<group>"; };
		4837CF6B1DECACC400EEADD2 /* GestorUniversidades.swift */ = {isa = PBXFileReference; fileEncoding = 4; lastKnownFileType = sourcecode.swift; path = GestorUniversidades.swift; sourceTree = "<group>"; };
		4837CF6D1DECACD000EEADD2 /* Universidad.swift */ = {isa = PBXFileReference; fileEncoding = 4; lastKnownFileType = sourcecode.swift; path = Universidad.swift; sourceTree = "<group>"; };
		4837CF701DECAF7900EEADD2 /* HttpClient.swift */ = {isa = PBXFileReference; fileEncoding = 4; lastKnownFileType = sourcecode.swift; path = HttpClient.swift; sourceTree = "<group>"; };
		4837CF721DECDFE000EEADD2 /* UniversidadTableViewController.swift */ = {isa = PBXFileReference; fileEncoding = 4; lastKnownFileType = sourcecode.swift; path = UniversidadTableViewController.swift; sourceTree = "<group>"; };
		4837CF7A1DED19C800EEADD2 /* UniversidadTableViewCell.swift */ = {isa = PBXFileReference; fileEncoding = 4; lastKnownFileType = sourcecode.swift; path = UniversidadTableViewCell.swift; sourceTree = "<group>"; };
		484F7C491DEDF7940062D557 /* Estudiante.swift */ = {isa = PBXFileReference; fileEncoding = 4; lastKnownFileType = sourcecode.swift; path = Estudiante.swift; sourceTree = "<group>"; };
		484F7C4B1DEDFE960062D557 /* EstudianteViewController.swift */ = {isa = PBXFileReference; fileEncoding = 4; lastKnownFileType = sourcecode.swift; path = EstudianteViewController.swift; sourceTree = "<group>"; };
		484F7C4D1DEDFEEB0062D557 /* ProfesorViewController.swift */ = {isa = PBXFileReference; fileEncoding = 4; lastKnownFileType = sourcecode.swift; path = ProfesorViewController.swift; sourceTree = "<group>"; };
		484F7C4F1DEDFF950062D557 /* ProgramaViewController.swift */ = {isa = PBXFileReference; fileEncoding = 4; lastKnownFileType = sourcecode.swift; path = ProgramaViewController.swift; sourceTree = "<group>"; };
		484F7C511DEE00740062D557 /* AsignaturaViewController.swift */ = {isa = PBXFileReference; fileEncoding = 4; lastKnownFileType = sourcecode.swift; path = AsignaturaViewController.swift; sourceTree = "<group>"; };
		484F7C531DEE00870062D557 /* Programa.swift */ = {isa = PBXFileReference; fileEncoding = 4; lastKnownFileType = sourcecode.swift; path = Programa.swift; sourceTree = "<group>"; };
		484F7C551DEE00B50062D557 /* Profesor.swift */ = {isa = PBXFileReference; fileEncoding = 4; lastKnownFileType = sourcecode.swift; path = Profesor.swift; sourceTree = "<group>"; };
		484F7C571DEE00F90062D557 /* Asignatura.swift */ = {isa = PBXFileReference; fileEncoding = 4; lastKnownFileType = sourcecode.swift; path = Asignatura.swift; sourceTree = "<group>"; };
		484F7C591DEE01490062D557 /* EstudianteTableViewController.swift */ = {isa = PBXFileReference; fileEncoding = 4; lastKnownFileType = sourcecode.swift; path = EstudianteTableViewController.swift; sourceTree = "<group>"; };
		484F7C5B1DEE015B0062D557 /* ProfesorTableViewController.swift */ = {isa = PBXFileReference; fileEncoding = 4; lastKnownFileType = sourcecode.swift; path = ProfesorTableViewController.swift; sourceTree = "<group>"; };
		484F7C5D1DEE01870062D557 /* ProgramaTableViewController.swift */ = {isa = PBXFileReference; fileEncoding = 4; lastKnownFileType = sourcecode.swift; path = ProgramaTableViewController.swift; sourceTree = "<group>"; };
		484F7C5F1DEE01950062D557 /* AsignaturaTableViewController.swift */ = {isa = PBXFileReference; fileEncoding = 4; lastKnownFileType = sourcecode.swift; path = AsignaturaTableViewController.swift; sourceTree = "<group>"; };
		484F7C611DEE01BA0062D557 /* EstudianteTableViewCell.swift */ = {isa = PBXFileReference; fileEncoding = 4; lastKnownFileType = sourcecode.swift; path = EstudianteTableViewCell.swift; sourceTree = "<group>"; };
		484F7C631DEE01C50062D557 /* ProfesorTableViewCell.swift */ = {isa = PBXFileReference; fileEncoding = 4; lastKnownFileType = sourcecode.swift; path = ProfesorTableViewCell.swift; sourceTree = "<group>"; };
		484F7C651DEE01D10062D557 /* ProgramaTableViewCell.swift */ = {isa = PBXFileReference; fileEncoding = 4; lastKnownFileType = sourcecode.swift; path = ProgramaTableViewCell.swift; sourceTree = "<group>"; };
		484F7C671DEE01DC0062D557 /* AsignaturaTableViewCell.swift */ = {isa = PBXFileReference; fileEncoding = 4; lastKnownFileType = sourcecode.swift; path = AsignaturaTableViewCell.swift; sourceTree = "<group>"; };
/* End PBXFileReference section */

/* Begin PBXFrameworksBuildPhase section */
		4837CF511DECAB5700EEADD2 /* Frameworks */ = {
			isa = PBXFrameworksBuildPhase;
			buildActionMask = 2147483647;
			files = (
			);
			runOnlyForDeploymentPostprocessing = 0;
		};
/* End PBXFrameworksBuildPhase section */

/* Begin PBXGroup section */
		4837CF4B1DECAB5700EEADD2 = {
			isa = PBXGroup;
			children = (
				4837CF561DECAB5700EEADD2 /* MiProfesor */,
				4837CF551DECAB5700EEADD2 /* Products */,
			);
			sourceTree = "<group>";
		};
		4837CF551DECAB5700EEADD2 /* Products */ = {
			isa = PBXGroup;
			children = (
				4837CF541DECAB5700EEADD2 /* MiProfesor.app */,
			);
			name = Products;
			sourceTree = "<group>";
		};
		4837CF561DECAB5700EEADD2 /* MiProfesor */ = {
			isa = PBXGroup;
			children = (
				4837CF6F1DECAF6600EEADD2 /* Net */,
				4837CF6A1DECACAD00EEADD2 /* gestores */,
				4837CF691DECACA800EEADD2 /* modelos */,
				4837CF571DECAB5700EEADD2 /* AppDelegate.swift */,
				4837CF5B1DECAB5700EEADD2 /* Main.storyboard */,
				4837CF5E1DECAB5700EEADD2 /* Assets.xcassets */,
				4837CF601DECAB5700EEADD2 /* LaunchScreen.storyboard */,
				4837CF631DECAB5700EEADD2 /* Info.plist */,
				4837CF591DECAB5700EEADD2 /* UniversidadVewController.swift */,
				484F7C4B1DEDFE960062D557 /* EstudianteViewController.swift */,
				484F7C4D1DEDFEEB0062D557 /* ProfesorViewController.swift */,
				484F7C4F1DEDFF950062D557 /* ProgramaViewController.swift */,
				484F7C511DEE00740062D557 /* AsignaturaViewController.swift */,
				4837CF721DECDFE000EEADD2 /* UniversidadTableViewController.swift */,
				484F7C591DEE01490062D557 /* EstudianteTableViewController.swift */,
				484F7C5B1DEE015B0062D557 /* ProfesorTableViewController.swift */,
				484F7C5D1DEE01870062D557 /* ProgramaTableViewController.swift */,
				484F7C5F1DEE01950062D557 /* AsignaturaTableViewController.swift */,
				4837CF7A1DED19C800EEADD2 /* UniversidadTableViewCell.swift */,
				484F7C611DEE01BA0062D557 /* EstudianteTableViewCell.swift */,
				484F7C631DEE01C50062D557 /* ProfesorTableViewCell.swift */,
				484F7C651DEE01D10062D557 /* ProgramaTableViewCell.swift */,
				484F7C671DEE01DC0062D557 /* AsignaturaTableViewCell.swift */,
			);
			path = MiProfesor;
			sourceTree = "<group>";
		};
		4837CF691DECACA800EEADD2 /* modelos */ = {
			isa = PBXGroup;
			children = (
				4837CF6D1DECACD000EEADD2 /* Universidad.swift */,
				484F7C491DEDF7940062D557 /* Estudiante.swift */,
				484F7C531DEE00870062D557 /* Programa.swift */,
				484F7C551DEE00B50062D557 /* Profesor.swift */,
				484F7C571DEE00F90062D557 /* Asignatura.swift */,
			);
			name = modelos;
			sourceTree = "<group>";
		};
		4837CF6A1DECACAD00EEADD2 /* gestores */ = {
			isa = PBXGroup;
			children = (
				4837CF6B1DECACC400EEADD2 /* GestorUniversidades.swift */,
			);
			name = gestores;
			sourceTree = "<group>";
		};
		4837CF6F1DECAF6600EEADD2 /* Net */ = {
			isa = PBXGroup;
			children = (
				4837CF701DECAF7900EEADD2 /* HttpClient.swift */,
			);
			name = Net;
			sourceTree = "<group>";
		};
/* End PBXGroup section */

/* Begin PBXNativeTarget section */
		4837CF531DECAB5700EEADD2 /* MiProfesor */ = {
			isa = PBXNativeTarget;
			buildConfigurationList = 4837CF661DECAB5700EEADD2 /* Build configuration list for PBXNativeTarget "MiProfesor" */;
			buildPhases = (
				4837CF511DECAB5700EEADD2 /* Frameworks */,
				4837CF501DECAB5700EEADD2 /* Sources */,
				4837CF521DECAB5700EEADD2 /* Resources */,
			);
			buildRules = (
			);
			dependencies = (
			);
			name = MiProfesor;
			productName = MiProfesor;
			productReference = 4837CF541DECAB5700EEADD2 /* MiProfesor.app */;
			productType = "com.apple.product-type.application";
		};
/* End PBXNativeTarget section */

/* Begin PBXProject section */
		4837CF4C1DECAB5700EEADD2 /* Project object */ = {
			isa = PBXProject;
			attributes = {
				LastSwiftUpdateCheck = 0810;
				LastUpgradeCheck = 0810;
				ORGANIZATIONNAME = capitan;
				TargetAttributes = {
					4837CF531DECAB5700EEADD2 = {
						CreatedOnToolsVersion = 8.1;
						ProvisioningStyle = Automatic;
					};
				};
			};
			buildConfigurationList = 4837CF4F1DECAB5700EEADD2 /* Build configuration list for PBXProject "MiProfesor" */;
			compatibilityVersion = "Xcode 3.2";
			developmentRegion = English;
			hasScannedForEncodings = 0;
			knownRegions = (
				en,
				Base,
			);
			mainGroup = 4837CF4B1DECAB5700EEADD2;
			productRefGroup = 4837CF551DECAB5700EEADD2 /* Products */;
			projectDirPath = "";
			projectRoot = "";
			targets = (
				4837CF531DECAB5700EEADD2 /* MiProfesor */,
			);
		};
/* End PBXProject section */

/* Begin PBXResourcesBuildPhase section */
		4837CF521DECAB5700EEADD2 /* Resources */ = {
			isa = PBXResourcesBuildPhase;
			buildActionMask = 2147483647;
			files = (
				4837CF621DECAB5700EEADD2 /* LaunchScreen.storyboard in Resources */,
				4837CF5F1DECAB5700EEADD2 /* Assets.xcassets in Resources */,
				4837CF5D1DECAB5700EEADD2 /* Main.storyboard in Resources */,
			);
			runOnlyForDeploymentPostprocessing = 0;
		};
/* End PBXResourcesBuildPhase section */

/* Begin PBXSourcesBuildPhase section */
		4837CF501DECAB5700EEADD2 /* Sources */ = {
			isa = PBXSourcesBuildPhase;
			buildActionMask = 2147483647;
			files = (
				484F7C4E1DEDFEEB0062D557 /* ProfesorViewController.swift in Sources */,
				484F7C541DEE00870062D557 /* Programa.swift in Sources */,
				484F7C661DEE01D10062D557 /* ProgramaTableViewCell.swift in Sources */,
				484F7C501DEDFF950062D557 /* ProgramaViewController.swift in Sources */,
				484F7C5A1DEE01490062D557 /* EstudianteTableViewController.swift in Sources */,
				4837CF7C1DED1A9800EEADD2 /* UniversidadTableViewCell.swift in Sources */,
				484F7C641DEE01C50062D557 /* ProfesorTableViewCell.swift in Sources */,
				484F7C5C1DEE015B0062D557 /* ProfesorTableViewController.swift in Sources */,
				484F7C521DEE00740062D557 /* AsignaturaViewController.swift in Sources */,
				484F7C601DEE01950062D557 /* AsignaturaTableViewController.swift in Sources */,
				484F7C681DEE01DC0062D557 /* AsignaturaTableViewCell.swift in Sources */,
				484F7C561DEE00B50062D557 /* Profesor.swift in Sources */,
				484F7C4A1DEDF7940062D557 /* Estudiante.swift in Sources */,
				484F7C4C1DEDFE960062D557 /* EstudianteViewController.swift in Sources */,
				4837CF711DECAF7900EEADD2 /* HttpClient.swift in Sources */,
				4837CF5A1DECAB5700EEADD2 /* UniversidadVewController.swift in Sources */,
				484F7C621DEE01BA0062D557 /* EstudianteTableViewCell.swift in Sources */,
				484F7C5E1DEE01870062D557 /* ProgramaTableViewController.swift in Sources */,
				4837CF731DECDFE100EEADD2 /* UniversidadTableViewController.swift in Sources */,
				4837CF581DECAB5700EEADD2 /* AppDelegate.swift in Sources */,
				4837CF6E1DECACD000EEADD2 /* Universidad.swift in Sources */,
				484F7C581DEE00F90062D557 /* Asignatura.swift in Sources */,
				4837CF6C1DECACC400EEADD2 /* GestorUniversidades.swift in Sources */,
			);
			runOnlyForDeploymentPostprocessing = 0;
		};
/* End PBXSourcesBuildPhase section */

/* Begin PBXVariantGroup section */
		4837CF5B1DECAB5700EEADD2 /* Main.storyboard */ = {
			isa = PBXVariantGroup;
			children = (
				4837CF5C1DECAB5700EEADD2 /* Base */,
			);
			name = Main.storyboard;
			sourceTree = "<group>";
		};
		4837CF601DECAB5700EEADD2 /* LaunchScreen.storyboard */ = {
			isa = PBXVariantGroup;
			children = (
				4837CF611DECAB5700EEADD2 /* Base */,
			);
			name = LaunchScreen.storyboard;
			sourceTree = "<group>";
		};
/* End PBXVariantGroup section */

/* Begin XCBuildConfiguration section */
		4837CF641DECAB5700EEADD2 /* Debug */ = {
			isa = XCBuildConfiguration;
			buildSettings = {
				ALWAYS_SEARCH_USER_PATHS = NO;
				CLANG_ANALYZER_NONNULL = YES;
				CLANG_CXX_LANGUAGE_STANDARD = "gnu++0x";
				CLANG_CXX_LIBRARY = "libc++";
				CLANG_ENABLE_MODULES = YES;
				CLANG_ENABLE_OBJC_ARC = YES;
				CLANG_WARN_BOOL_CONVERSION = YES;
				CLANG_WARN_CONSTANT_CONVERSION = YES;
				CLANG_WARN_DIRECT_OBJC_ISA_USAGE = YES_ERROR;
				CLANG_WARN_DOCUMENTATION_COMMENTS = YES;
				CLANG_WARN_EMPTY_BODY = YES;
				CLANG_WARN_ENUM_CONVERSION = YES;
				CLANG_WARN_INFINITE_RECURSION = YES;
				CLANG_WARN_INT_CONVERSION = YES;
				CLANG_WARN_OBJC_ROOT_CLASS = YES_ERROR;
				CLANG_WARN_SUSPICIOUS_MOVES = YES;
				CLANG_WARN_UNREACHABLE_CODE = YES;
				CLANG_WARN__DUPLICATE_METHOD_MATCH = YES;
				"CODE_SIGN_IDENTITY[sdk=iphoneos*]" = "iPhone Developer";
				COPY_PHASE_STRIP = NO;
				DEBUG_INFORMATION_FORMAT = dwarf;
				ENABLE_STRICT_OBJC_MSGSEND = YES;
				ENABLE_TESTABILITY = YES;
				GCC_C_LANGUAGE_STANDARD = gnu99;
				GCC_DYNAMIC_NO_PIC = NO;
				GCC_NO_COMMON_BLOCKS = YES;
				GCC_OPTIMIZATION_LEVEL = 0;
				GCC_PREPROCESSOR_DEFINITIONS = (
					"DEBUG=1",
					"$(inherited)",
				);
				GCC_WARN_64_TO_32_BIT_CONVERSION = YES;
				GCC_WARN_ABOUT_RETURN_TYPE = YES_ERROR;
				GCC_WARN_UNDECLARED_SELECTOR = YES;
				GCC_WARN_UNINITIALIZED_AUTOS = YES_AGGRESSIVE;
				GCC_WARN_UNUSED_FUNCTION = YES;
				GCC_WARN_UNUSED_VARIABLE = YES;
				IPHONEOS_DEPLOYMENT_TARGET = 10.1;
				MTL_ENABLE_DEBUG_INFO = YES;
				ONLY_ACTIVE_ARCH = YES;
				SDKROOT = iphoneos;
				SWIFT_ACTIVE_COMPILATION_CONDITIONS = DEBUG;
				SWIFT_OPTIMIZATION_LEVEL = "-Onone";
				TARGETED_DEVICE_FAMILY = "1,2";
			};
			name = Debug;
		};
		4837CF651DECAB5700EEADD2 /* Release */ = {
			isa = XCBuildConfiguration;
			buildSettings = {
				ALWAYS_SEARCH_USER_PATHS = NO;
				CLANG_ANALYZER_NONNULL = YES;
				CLANG_CXX_LANGUAGE_STANDARD = "gnu++0x";
				CLANG_CXX_LIBRARY = "libc++";
				CLANG_ENABLE_MODULES = YES;
				CLANG_ENABLE_OBJC_ARC = YES;
				CLANG_WARN_BOOL_CONVERSION = YES;
				CLANG_WARN_CONSTANT_CONVERSION = YES;
				CLANG_WARN_DIRECT_OBJC_ISA_USAGE = YES_ERROR;
				CLANG_WARN_DOCUMENTATION_COMMENTS = YES;
				CLANG_WARN_EMPTY_BODY = YES;
				CLANG_WARN_ENUM_CONVERSION = YES;
				CLANG_WARN_INFINITE_RECURSION = YES;
				CLANG_WARN_INT_CONVERSION = YES;
				CLANG_WARN_OBJC_ROOT_CLASS = YES_ERROR;
				CLANG_WARN_SUSPICIOUS_MOVES = YES;
				CLANG_WARN_UNREACHABLE_CODE = YES;
				CLANG_WARN__DUPLICATE_METHOD_MATCH = YES;
				"CODE_SIGN_IDENTITY[sdk=iphoneos*]" = "iPhone Developer";
				COPY_PHASE_STRIP = NO;
				DEBUG_INFORMATION_FORMAT = "dwarf-with-dsym";
				ENABLE_NS_ASSERTIONS = NO;
				ENABLE_STRICT_OBJC_MSGSEND = YES;
				GCC_C_LANGUAGE_STANDARD = gnu99;
				GCC_NO_COMMON_BLOCKS = YES;
				GCC_WARN_64_TO_32_BIT_CONVERSION = YES;
				GCC_WARN_ABOUT_RETURN_TYPE = YES_ERROR;
				GCC_WARN_UNDECLARED_SELECTOR = YES;
				GCC_WARN_UNINITIALIZED_AUTOS = YES_AGGRESSIVE;
				GCC_WARN_UNUSED_FUNCTION = YES;
				GCC_WARN_UNUSED_VARIABLE = YES;
				IPHONEOS_DEPLOYMENT_TARGET = 10.1;
				MTL_ENABLE_DEBUG_INFO = NO;
				SDKROOT = iphoneos;
				SWIFT_OPTIMIZATION_LEVEL = "-Owholemodule";
				TARGETED_DEVICE_FAMILY = "1,2";
				VALIDATE_PRODUCT = YES;
			};
			name = Release;
		};
		4837CF671DECAB5700EEADD2 /* Debug */ = {
			isa = XCBuildConfiguration;
			buildSettings = {
				ASSETCATALOG_COMPILER_APPICON_NAME = AppIcon;
				INFOPLIST_FILE = MiProfesor/Info.plist;
				LD_RUNPATH_SEARCH_PATHS = "$(inherited) @executable_path/Frameworks";
				PRODUCT_BUNDLE_IDENTIFIER = personal.MiProfesor;
				PRODUCT_NAME = "$(TARGET_NAME)";
				SWIFT_VERSION = 3.0;
			};
			name = Debug;
		};
		4837CF681DECAB5700EEADD2 /* Release */ = {
			isa = XCBuildConfiguration;
			buildSettings = {
				ASSETCATALOG_COMPILER_APPICON_NAME = AppIcon;
				INFOPLIST_FILE = MiProfesor/Info.plist;
				LD_RUNPATH_SEARCH_PATHS = "$(inherited) @executable_path/Frameworks";
				PRODUCT_BUNDLE_IDENTIFIER = personal.MiProfesor;
				PRODUCT_NAME = "$(TARGET_NAME)";
				SWIFT_VERSION = 3.0;
			};
			name = Release;
		};
/* End XCBuildConfiguration section */

/* Begin XCConfigurationList section */
		4837CF4F1DECAB5700EEADD2 /* Build configuration list for PBXProject "MiProfesor" */ = {
			isa = XCConfigurationList;
			buildConfigurations = (
				4837CF641DECAB5700EEADD2 /* Debug */,
				4837CF651DECAB5700EEADD2 /* Release */,
			);
			defaultConfigurationIsVisible = 0;
			defaultConfigurationName = Release;
		};
		4837CF661DECAB5700EEADD2 /* Build configuration list for PBXNativeTarget "MiProfesor" */ = {
			isa = XCConfigurationList;
			buildConfigurations = (
				4837CF671DECAB5700EEADD2 /* Debug */,
				4837CF681DECAB5700EEADD2 /* Release */,
			);
			defaultConfigurationIsVisible = 0;
			defaultConfigurationName = Release;
		};
/* End XCConfigurationList section */
	};
	rootObject = 4837CF4C1DECAB5700EEADD2 /* Project object */;
}
